
Microsoft Visual Studio Solution File, Format Version 12.00
# Visual Studio Version 16
VisualStudioVersion = 16.0.30413.136
MinimumVisualStudioVersion = 15.0.26124.0
Project("{9A19103F-16F7-4668-BE54-9A1E7A4F7556}") = "MockDb.Lib", "MockDb.Lib\MockDb.Lib.csproj", "{1E298B05-2DD4-4CBD-8A41-F655845711B1}"
EndProject
Project("{9A19103F-16F7-4668-BE54-9A1E7A4F7556}") = "MockDb.Tests", "MockDb.Tests\MockDb.Tests.csproj", "{AE0C2BBD-6AE5-4595-A88E-3EF4D650E31D}"
EndProject
Global
	GlobalSection(SolutionConfigurationPlatforms) = preSolution
		Debug|Any CPU = Debug|Any CPU
		Debug|x64 = Debug|x64
		Debug|x86 = Debug|x86
		Release|Any CPU = Release|Any CPU
		Release|x64 = Release|x64
		Release|x86 = Release|x86
	EndGlobalSection
	GlobalSection(ProjectConfigurationPlatforms) = postSolution
		{1E298B05-2DD4-4CBD-8A41-F655845711B1}.Debug|Any CPU.ActiveCfg = Debug|Any CPU
		{1E298B05-2DD4-4CBD-8A41-F655845711B1}.Debug|Any CPU.Build.0 = Debug|Any CPU
		{1E298B05-2DD4-4CBD-8A41-F655845711B1}.Debug|x64.ActiveCfg = Debug|Any CPU
		{1E298B05-2DD4-4CBD-8A41-F655845711B1}.Debug|x64.Build.0 = Debug|Any CPU
		{1E298B05-2DD4-4CBD-8A41-F655845711B1}.Debug|x86.ActiveCfg = Debug|Any CPU
		{1E298B05-2DD4-4CBD-8A41-F655845711B1}.Debug|x86.Build.0 = Debug|Any CPU
		{1E298B05-2DD4-4CBD-8A41-F655845711B1}.Release|Any CPU.ActiveCfg = Release|Any CPU
		{1E298B05-2DD4-4CBD-8A41-F655845711B1}.Release|Any CPU.Build.0 = Release|Any CPU
		{1E298B05-2DD4-4CBD-8A41-F655845711B1}.Release|x64.ActiveCfg = Release|Any CPU
		{1E298B05-2DD4-4CBD-8A41-F655845711B1}.Release|x64.Build.0 = Release|Any CPU
		{1E298B05-2DD4-4CBD-8A41-F655845711B1}.Release|x86.ActiveCfg = Release|Any CPU
		{1E298B05-2DD4-4CBD-8A41-F655845711B1}.Release|x86.Build.0 = Release|Any CPU
		{AE0C2BBD-6AE5-4595-A88E-3EF4D650E31D}.Debug|Any CPU.ActiveCfg = Debug|Any CPU
		{AE0C2BBD-6AE5-4595-A88E-3EF4D650E31D}.Debug|Any CPU.Build.0 = Debug|Any CPU
		{AE0C2BBD-6AE5-4595-A88E-3EF4D650E31D}.Debug|x64.ActiveCfg = Debug|Any CPU
		{AE0C2BBD-6AE5-4595-A88E-3EF4D650E31D}.Debug|x64.Build.0 = Debug|Any CPU
		{AE0C2BBD-6AE5-4595-A88E-3EF4D650E31D}.Debug|x86.ActiveCfg = Debug|Any CPU
		{AE0C2BBD-6AE5-4595-A88E-3EF4D650E31D}.Debug|x86.Build.0 = Debug|Any CPU
		{AE0C2BBD-6AE5-4595-A88E-3EF4D650E31D}.Release|Any CPU.ActiveCfg = Release|Any CPU
		{AE0C2BBD-6AE5-4595-A88E-3EF4D650E31D}.Release|Any CPU.Build.0 = Release|Any CPU
		{AE0C2BBD-6AE5-4595-A88E-3EF4D650E31D}.Release|x64.ActiveCfg = Release|Any CPU
		{AE0C2BBD-6AE5-4595-A88E-3EF4D650E31D}.Release|x64.Build.0 = Release|Any CPU
		{AE0C2BBD-6AE5-4595-A88E-3EF4D650E31D}.Release|x86.ActiveCfg = Release|Any CPU
		{AE0C2BBD-6AE5-4595-A88E-3EF4D650E31D}.Release|x86.Build.0 = Release|Any CPU
	EndGlobalSection
	GlobalSection(SolutionProperties) = preSolution
		HideSolutionNode = FALSE
	EndGlobalSection
	GlobalSection(ExtensibilityGlobals) = postSolution
		SolutionGuid = {E08A010C-BFCB-4330-8AC9-BF8DB1812226}
	EndGlobalSection
EndGlobal
